
Microsoft Visual Studio Solution File, Format Version 12.00
# Visual Studio 15
VisualStudioVersion = 15.0.28307.106
MinimumVisualStudioVersion = 10.0.40219.1
Project("{8BC9CEB8-8B4A-11D0-8D11-00A0C91BC942}") = "brzina", "brzina\brzina.vcxproj", "{43869A40-40FF-4F9F-89DF-EDFB134ABCD6}"
EndProject
Global
	GlobalSection(SolutionConfigurationPlatforms) = preSolution
		Debug|x64 = Debug|x64
		Debug|x86 = Debug|x86
		Release|x64 = Release|x64
		Release|x86 = Release|x86
	EndGlobalSection
	GlobalSection(ProjectConfigurationPlatforms) = postSolution
		{43869A40-40FF-4F9F-89DF-EDFB134ABCD6}.Debug|x64.ActiveCfg = Debug|x64
		{43869A40-40FF-4F9F-89DF-EDFB134ABCD6}.Debug|x64.Build.0 = Debug|x64
		{43869A40-40FF-4F9F-89DF-EDFB134ABCD6}.Debug|x86.ActiveCfg = Debug|Win32
		{43869A40-40FF-4F9F-89DF-EDFB134ABCD6}.Debug|x86.Build.0 = Debug|Win32
		{43869A40-40FF-4F9F-89DF-EDFB134ABCD6}.Release|x64.ActiveCfg = Release|x64
		{43869A40-40FF-4F9F-89DF-EDFB134ABCD6}.Release|x64.Build.0 = Release|x64
		{43869A40-40FF-4F9F-89DF-EDFB134ABCD6}.Release|x86.ActiveCfg = Release|Win32
		{43869A40-40FF-4F9F-89DF-EDFB134ABCD6}.Release|x86.Build.0 = Release|Win32
	EndGlobalSection
	GlobalSection(SolutionProperties) = preSolution
		HideSolutionNode = FALSE
	EndGlobalSection
	GlobalSection(ExtensibilityGlobals) = postSolution
		SolutionGuid = {723FA5AE-83C5-48EA-B351-7A126B6FE9A6}
	EndGlobalSection
EndGlobal
