
Microsoft Visual Studio Solution File, Format Version 12.00
# Visual Studio 15
VisualStudioVersion = 15.0.28307.106
MinimumVisualStudioVersion = 10.0.40219.1
Project("{8BC9CEB8-8B4A-11D0-8D11-00A0C91BC942}") = "varijable 3", "varijable 3\varijable 3.vcxproj", "{C26E111B-AB68-4B4C-AB0A-A10227316138}"
EndProject
Global
	GlobalSection(SolutionConfigurationPlatforms) = preSolution
		Debug|x64 = Debug|x64
		Debug|x86 = Debug|x86
		Release|x64 = Release|x64
		Release|x86 = Release|x86
	EndGlobalSection
	GlobalSection(ProjectConfigurationPlatforms) = postSolution
		{C26E111B-AB68-4B4C-AB0A-A10227316138}.Debug|x64.ActiveCfg = Debug|x64
		{C26E111B-AB68-4B4C-AB0A-A10227316138}.Debug|x64.Build.0 = Debug|x64
		{C26E111B-AB68-4B4C-AB0A-A10227316138}.Debug|x86.ActiveCfg = Debug|Win32
		{C26E111B-AB68-4B4C-AB0A-A10227316138}.Debug|x86.Build.0 = Debug|Win32
		{C26E111B-AB68-4B4C-AB0A-A10227316138}.Release|x64.ActiveCfg = Release|x64
		{C26E111B-AB68-4B4C-AB0A-A10227316138}.Release|x64.Build.0 = Release|x64
		{C26E111B-AB68-4B4C-AB0A-A10227316138}.Release|x86.ActiveCfg = Release|Win32
		{C26E111B-AB68-4B4C-AB0A-A10227316138}.Release|x86.Build.0 = Release|Win32
	EndGlobalSection
	GlobalSection(SolutionProperties) = preSolution
		HideSolutionNode = FALSE
	EndGlobalSection
	GlobalSection(ExtensibilityGlobals) = postSolution
		SolutionGuid = {6244A714-D531-40DD-9A7F-5A32E63BDBCD}
	EndGlobalSection
EndGlobal
