
Microsoft Visual Studio Solution File, Format Version 12.00
# Visual Studio 15
VisualStudioVersion = 15.0.28307.106
MinimumVisualStudioVersion = 10.0.40219.1
Project("{8BC9CEB8-8B4A-11D0-8D11-00A0C91BC942}") = "casino", "casino\casino.vcxproj", "{12A63F1E-970E-4592-A937-FAC8F6B94B2E}"
EndProject
Global
	GlobalSection(SolutionConfigurationPlatforms) = preSolution
		Debug|x64 = Debug|x64
		Debug|x86 = Debug|x86
		Release|x64 = Release|x64
		Release|x86 = Release|x86
	EndGlobalSection
	GlobalSection(ProjectConfigurationPlatforms) = postSolution
		{12A63F1E-970E-4592-A937-FAC8F6B94B2E}.Debug|x64.ActiveCfg = Debug|x64
		{12A63F1E-970E-4592-A937-FAC8F6B94B2E}.Debug|x64.Build.0 = Debug|x64
		{12A63F1E-970E-4592-A937-FAC8F6B94B2E}.Debug|x86.ActiveCfg = Debug|Win32
		{12A63F1E-970E-4592-A937-FAC8F6B94B2E}.Debug|x86.Build.0 = Debug|Win32
		{12A63F1E-970E-4592-A937-FAC8F6B94B2E}.Release|x64.ActiveCfg = Release|x64
		{12A63F1E-970E-4592-A937-FAC8F6B94B2E}.Release|x64.Build.0 = Release|x64
		{12A63F1E-970E-4592-A937-FAC8F6B94B2E}.Release|x86.ActiveCfg = Release|Win32
		{12A63F1E-970E-4592-A937-FAC8F6B94B2E}.Release|x86.Build.0 = Release|Win32
	EndGlobalSection
	GlobalSection(SolutionProperties) = preSolution
		HideSolutionNode = FALSE
	EndGlobalSection
	GlobalSection(ExtensibilityGlobals) = postSolution
		SolutionGuid = {9F1A2A29-E2BF-432E-A1F0-DB9438973563}
	EndGlobalSection
EndGlobal
