
Microsoft Visual Studio Solution File, Format Version 12.00
# Visual Studio 15
VisualStudioVersion = 15.0.28307.106
MinimumVisualStudioVersion = 10.0.40219.1
Project("{8BC9CEB8-8B4A-11D0-8D11-00A0C91BC942}") = "prosjek1", "prosjek1\prosjek1.vcxproj", "{D126B848-616F-479E-BE2F-14AE767D573E}"
EndProject
Global
	GlobalSection(SolutionConfigurationPlatforms) = preSolution
		Debug|x64 = Debug|x64
		Debug|x86 = Debug|x86
		Release|x64 = Release|x64
		Release|x86 = Release|x86
	EndGlobalSection
	GlobalSection(ProjectConfigurationPlatforms) = postSolution
		{D126B848-616F-479E-BE2F-14AE767D573E}.Debug|x64.ActiveCfg = Debug|x64
		{D126B848-616F-479E-BE2F-14AE767D573E}.Debug|x64.Build.0 = Debug|x64
		{D126B848-616F-479E-BE2F-14AE767D573E}.Debug|x86.ActiveCfg = Debug|Win32
		{D126B848-616F-479E-BE2F-14AE767D573E}.Debug|x86.Build.0 = Debug|Win32
		{D126B848-616F-479E-BE2F-14AE767D573E}.Release|x64.ActiveCfg = Release|x64
		{D126B848-616F-479E-BE2F-14AE767D573E}.Release|x64.Build.0 = Release|x64
		{D126B848-616F-479E-BE2F-14AE767D573E}.Release|x86.ActiveCfg = Release|Win32
		{D126B848-616F-479E-BE2F-14AE767D573E}.Release|x86.Build.0 = Release|Win32
	EndGlobalSection
	GlobalSection(SolutionProperties) = preSolution
		HideSolutionNode = FALSE
	EndGlobalSection
	GlobalSection(ExtensibilityGlobals) = postSolution
		SolutionGuid = {21E9B97B-A26A-4C20-9BD5-E2B65CF9957C}
	EndGlobalSection
EndGlobal
