
Microsoft Visual Studio Solution File, Format Version 12.00
# Visual Studio 15
VisualStudioVersion = 15.0.28307.106
MinimumVisualStudioVersion = 10.0.40219.1
Project("{8BC9CEB8-8B4A-11D0-8D11-00A0C91BC942}") = "dvodimenzdinamicnopolje", "dvodimenzdinamicnopolje\dvodimenzdinamicnopolje.vcxproj", "{B84C69A0-081F-4D30-94B7-C1CBCD747193}"
EndProject
Global
	GlobalSection(SolutionConfigurationPlatforms) = preSolution
		Debug|x64 = Debug|x64
		Debug|x86 = Debug|x86
		Release|x64 = Release|x64
		Release|x86 = Release|x86
	EndGlobalSection
	GlobalSection(ProjectConfigurationPlatforms) = postSolution
		{B84C69A0-081F-4D30-94B7-C1CBCD747193}.Debug|x64.ActiveCfg = Debug|x64
		{B84C69A0-081F-4D30-94B7-C1CBCD747193}.Debug|x64.Build.0 = Debug|x64
		{B84C69A0-081F-4D30-94B7-C1CBCD747193}.Debug|x86.ActiveCfg = Debug|Win32
		{B84C69A0-081F-4D30-94B7-C1CBCD747193}.Debug|x86.Build.0 = Debug|Win32
		{B84C69A0-081F-4D30-94B7-C1CBCD747193}.Release|x64.ActiveCfg = Release|x64
		{B84C69A0-081F-4D30-94B7-C1CBCD747193}.Release|x64.Build.0 = Release|x64
		{B84C69A0-081F-4D30-94B7-C1CBCD747193}.Release|x86.ActiveCfg = Release|Win32
		{B84C69A0-081F-4D30-94B7-C1CBCD747193}.Release|x86.Build.0 = Release|Win32
	EndGlobalSection
	GlobalSection(SolutionProperties) = preSolution
		HideSolutionNode = FALSE
	EndGlobalSection
	GlobalSection(ExtensibilityGlobals) = postSolution
		SolutionGuid = {DB12ED0E-22E0-4342-AC5F-9B21F7F208EE}
	EndGlobalSection
EndGlobal
