
Microsoft Visual Studio Solution File, Format Version 12.00
# Visual Studio 15
VisualStudioVersion = 15.0.28307.106
MinimumVisualStudioVersion = 10.0.40219.1
Project("{8BC9CEB8-8B4A-11D0-8D11-00A0C91BC942}") = "tramvaj", "tramvaj\tramvaj.vcxproj", "{726816D5-EE3C-4283-A7DB-FA87DF0D21CF}"
EndProject
Global
	GlobalSection(SolutionConfigurationPlatforms) = preSolution
		Debug|x64 = Debug|x64
		Debug|x86 = Debug|x86
		Release|x64 = Release|x64
		Release|x86 = Release|x86
	EndGlobalSection
	GlobalSection(ProjectConfigurationPlatforms) = postSolution
		{726816D5-EE3C-4283-A7DB-FA87DF0D21CF}.Debug|x64.ActiveCfg = Debug|x64
		{726816D5-EE3C-4283-A7DB-FA87DF0D21CF}.Debug|x64.Build.0 = Debug|x64
		{726816D5-EE3C-4283-A7DB-FA87DF0D21CF}.Debug|x86.ActiveCfg = Debug|Win32
		{726816D5-EE3C-4283-A7DB-FA87DF0D21CF}.Debug|x86.Build.0 = Debug|Win32
		{726816D5-EE3C-4283-A7DB-FA87DF0D21CF}.Release|x64.ActiveCfg = Release|x64
		{726816D5-EE3C-4283-A7DB-FA87DF0D21CF}.Release|x64.Build.0 = Release|x64
		{726816D5-EE3C-4283-A7DB-FA87DF0D21CF}.Release|x86.ActiveCfg = Release|Win32
		{726816D5-EE3C-4283-A7DB-FA87DF0D21CF}.Release|x86.Build.0 = Release|Win32
	EndGlobalSection
	GlobalSection(SolutionProperties) = preSolution
		HideSolutionNode = FALSE
	EndGlobalSection
	GlobalSection(ExtensibilityGlobals) = postSolution
		SolutionGuid = {ABBD9055-1CC9-4A4C-ABBC-CC0C51E354D9}
	EndGlobalSection
EndGlobal
